// !$*UTF8*$!
{
	archiveVersion = 1;
	classes = {
	};
	objectVersion = 46;
	objects = {

/* Begin PBXBuildFile section */
		5FC4F1DA1F468C1000799913 /* AppDelegate.swift in Sources */ = {isa = PBXBuildFile; fileRef = 5FC4F1D91F468C1000799913 /* AppDelegate.swift */; };
		5FC4F1DC1F468C1000799913 /* MainViewController.swift in Sources */ = {isa = PBXBuildFile; fileRef = 5FC4F1DB1F468C1000799913 /* MainViewController.swift */; };
		5FC4F1DF1F468C1000799913 /* Main.storyboard in Resources */ = {isa = PBXBuildFile; fileRef = 5FC4F1DD1F468C1000799913 /* Main.storyboard */; };
		5FC4F1E11F468C1000799913 /* Assets.xcassets in Resources */ = {isa = PBXBuildFile; fileRef = 5FC4F1E01F468C1000799913 /* Assets.xcassets */; };
		5FC4F1E41F468C1000799913 /* LaunchScreen.storyboard in Resources */ = {isa = PBXBuildFile; fileRef = 5FC4F1E21F468C1000799913 /* LaunchScreen.storyboard */; };
		5FC4F2081F4A875E00799913 /* SettingsViewController.swift in Sources */ = {isa = PBXBuildFile; fileRef = 5FC4F2071F4A875E00799913 /* SettingsViewController.swift */; };
/* End PBXBuildFile section */

/* Begin PBXContainerItemProxy section */
		5FC4F1EB1F468C1000799913 /* PBXContainerItemProxy */ = {
			isa = PBXContainerItemProxy;
			containerPortal = 5FC4F1CE1F468C1000799913 /* Project object */;
			proxyType = 1;
			remoteGlobalIDString = 5FC4F1D51F468C1000799913;
			remoteInfo = tippy;
		};
		5FC4F1F61F468C1000799913 /* PBXContainerItemProxy */ = {
			isa = PBXContainerItemProxy;
			containerPortal = 5FC4F1CE1F468C1000799913 /* Project object */;
			proxyType = 1;
			remoteGlobalIDString = 5FC4F1D51F468C1000799913;
			remoteInfo = tippy;
		};
/* End PBXContainerItemProxy section */

/* Begin PBXFileReference section */
		5FC4F1D61F468C1000799913 /* tippy.app */ = {isa = PBXFileReference; explicitFileType = wrapper.application; includeInIndex = 0; path = tippy.app; sourceTree = BUILT_PRODUCTS_DIR; };
		5FC4F1D91F468C1000799913 /* AppDelegate.swift */ = {isa = PBXFileReference; lastKnownFileType = sourcecode.swift; path = AppDelegate.swift; sourceTree = "<group>"; };
		5FC4F1DB1F468C1000799913 /* MainViewController.swift */ = {isa = PBXFileReference; lastKnownFileType = sourcecode.swift; path = MainViewController.swift; sourceTree = "<group>"; };
		5FC4F1DE1F468C1000799913 /* Base */ = {isa = PBXFileReference; lastKnownFileType = file.storyboard; name = Base; path = Base.lproj/Main.storyboard; sourceTree = "<group>"; };
		5FC4F1E01F468C1000799913 /* Assets.xcassets */ = {isa = PBXFileReference; lastKnownFileType = folder.assetcatalog; path = Assets.xcassets; sourceTree = "<group>"; };
		5FC4F1E31F468C1000799913 /* Base */ = {isa = PBXFileReference; lastKnownFileType = file.storyboard; name = Base; path = Base.lproj/LaunchScreen.storyboard; sourceTree = "<group>"; };
		5FC4F1E51F468C1000799913 /* Info.plist */ = {isa = PBXFileReference; lastKnownFileType = text.plist.xml; path = Info.plist; sourceTree = "<group>"; };
		5FC4F1EA1F468C1000799913 /* tippyTests.xctest */ = {isa = PBXFileReference; explicitFileType = wrapper.cfbundle; includeInIndex = 0; path = tippyTests.xctest; sourceTree = BUILT_PRODUCTS_DIR; };
		5FC4F1F51F468C1000799913 /* tippyUITests.xctest */ = {isa = PBXFileReference; explicitFileType = wrapper.cfbundle; includeInIndex = 0; path = tippyUITests.xctest; sourceTree = BUILT_PRODUCTS_DIR; };
		5FC4F2071F4A875E00799913 /* SettingsViewController.swift */ = {isa = PBXFileReference; fileEncoding = 4; lastKnownFileType = sourcecode.swift; path = SettingsViewController.swift; sourceTree = "<group>"; };
/* End PBXFileReference section */

/* Begin PBXFrameworksBuildPhase section */
		5FC4F1D31F468C1000799913 /* Frameworks */ = {
			isa = PBXFrameworksBuildPhase;
			buildActionMask = 2147483647;
			files = (
			);
			runOnlyForDeploymentPostprocessing = 0;
		};
		5FC4F1E71F468C1000799913 /* Frameworks */ = {
			isa = PBXFrameworksBuildPhase;
			buildActionMask = 2147483647;
			files = (
			);
			runOnlyForDeploymentPostprocessing = 0;
		};
		5FC4F1F21F468C1000799913 /* Frameworks */ = {
			isa = PBXFrameworksBuildPhase;
			buildActionMask = 2147483647;
			files = (
			);
			runOnlyForDeploymentPostprocessing = 0;
		};
/* End PBXFrameworksBuildPhase section */

/* Begin PBXGroup section */
		5FC4F1CD1F468C1000799913 = {
			isa = PBXGroup;
			children = (
				5FC4F1D81F468C1000799913 /* tippy */,
				5FC4F1D71F468C1000799913 /* Products */,
			);
			sourceTree = "<group>";
		};
		5FC4F1D71F468C1000799913 /* Products */ = {
			isa = PBXGroup;
			children = (
				5FC4F1D61F468C1000799913 /* tippy.app */,
				5FC4F1EA1F468C1000799913 /* tippyTests.xctest */,
				5FC4F1F51F468C1000799913 /* tippyUITests.xctest */,
			);
			name = Products;
			sourceTree = "<group>";
		};
		5FC4F1D81F468C1000799913 /* tippy */ = {
			isa = PBXGroup;
			children = (
				5FC4F1D91F468C1000799913 /* AppDelegate.swift */,
				5FC4F1DB1F468C1000799913 /* MainViewController.swift */,
				5FC4F1DD1F468C1000799913 /* Main.storyboard */,
				5FC4F2071F4A875E00799913 /* SettingsViewController.swift */,
				5FC4F1E01F468C1000799913 /* Assets.xcassets */,
				5FC4F1E21F468C1000799913 /* LaunchScreen.storyboard */,
				5FC4F1E51F468C1000799913 /* Info.plist */,
			);
			path = tippy;
			sourceTree = "<group>";
		};
/* End PBXGroup section */

/* Begin PBXNativeTarget section */
		5FC4F1D51F468C1000799913 /* tippy */ = {
			isa = PBXNativeTarget;
			buildConfigurationList = 5FC4F1FE1F468C1000799913 /* Build configuration list for PBXNativeTarget "tippy" */;
			buildPhases = (
				5FC4F1D21F468C1000799913 /* Sources */,
				5FC4F1D31F468C1000799913 /* Frameworks */,
				5FC4F1D41F468C1000799913 /* Resources */,
			);
			buildRules = (
			);
			dependencies = (
			);
			name = tippy;
			productName = tippy;
			productReference = 5FC4F1D61F468C1000799913 /* tippy.app */;
			productType = "com.apple.product-type.application";
		};
		5FC4F1E91F468C1000799913 /* tippyTests */ = {
			isa = PBXNativeTarget;
			buildConfigurationList = 5FC4F2011F468C1000799913 /* Build configuration list for PBXNativeTarget "tippyTests" */;
			buildPhases = (
				5FC4F1E61F468C1000799913 /* Sources */,
				5FC4F1E71F468C1000799913 /* Frameworks */,
				5FC4F1E81F468C1000799913 /* Resources */,
			);
			buildRules = (
			);
			dependencies = (
				5FC4F1EC1F468C1000799913 /* PBXTargetDependency */,
			);
			name = tippyTests;
			productName = tippyTests;
			productReference = 5FC4F1EA1F468C1000799913 /* tippyTests.xctest */;
			productType = "com.apple.product-type.bundle.unit-test";
		};
		5FC4F1F41F468C1000799913 /* tippyUITests */ = {
			isa = PBXNativeTarget;
			buildConfigurationList = 5FC4F2041F468C1000799913 /* Build configuration list for PBXNativeTarget "tippyUITests" */;
			buildPhases = (
				5FC4F1F11F468C1000799913 /* Sources */,
				5FC4F1F21F468C1000799913 /* Frameworks */,
				5FC4F1F31F468C1000799913 /* Resources */,
			);
			buildRules = (
			);
			dependencies = (
				5FC4F1F71F468C1000799913 /* PBXTargetDependency */,
			);
			name = tippyUITests;
			productName = tippyUITests;
			productReference = 5FC4F1F51F468C1000799913 /* tippyUITests.xctest */;
			productType = "com.apple.product-type.bundle.ui-testing";
		};
/* End PBXNativeTarget section */

/* Begin PBXProject section */
		5FC4F1CE1F468C1000799913 /* Project object */ = {
			isa = PBXProject;
			attributes = {
				LastSwiftUpdateCheck = 0830;
				LastUpgradeCheck = 0830;
				ORGANIZATIONNAME = vanko;
				TargetAttributes = {
					5FC4F1D51F468C1000799913 = {
						CreatedOnToolsVersion = 8.3.3;
						LastSwiftMigration = 0830;
						ProvisioningStyle = Automatic;
					};
					5FC4F1E91F468C1000799913 = {
						CreatedOnToolsVersion = 8.3.3;
						LastSwiftMigration = 0830;
						ProvisioningStyle = Automatic;
						TestTargetID = 5FC4F1D51F468C1000799913;
					};
					5FC4F1F41F468C1000799913 = {
						CreatedOnToolsVersion = 8.3.3;
						LastSwiftMigration = 0830;
						ProvisioningStyle = Automatic;
						TestTargetID = 5FC4F1D51F468C1000799913;
					};
				};
			};
			buildConfigurationList = 5FC4F1D11F468C1000799913 /* Build configuration list for PBXProject "tippy" */;
			compatibilityVersion = "Xcode 3.2";
			developmentRegion = English;
			hasScannedForEncodings = 0;
			knownRegions = (
				en,
				Base,
			);
			mainGroup = 5FC4F1CD1F468C1000799913;
			productRefGroup = 5FC4F1D71F468C1000799913 /* Products */;
			projectDirPath = "";
			projectRoot = "";
			targets = (
				5FC4F1D51F468C1000799913 /* tippy */,
				5FC4F1E91F468C1000799913 /* tippyTests */,
				5FC4F1F41F468C1000799913 /* tippyUITests */,
			);
		};
/* End PBXProject section */

/* Begin PBXResourcesBuildPhase section */
		5FC4F1D41F468C1000799913 /* Resources */ = {
			isa = PBXResourcesBuildPhase;
			buildActionMask = 2147483647;
			files = (
				5FC4F1E41F468C1000799913 /* LaunchScreen.storyboard in Resources */,
				5FC4F1E11F468C1000799913 /* Assets.xcassets in Resources */,
				5FC4F1DF1F468C1000799913 /* Main.storyboard in Resources */,
			);
			runOnlyForDeploymentPostprocessing = 0;
		};
		5FC4F1E81F468C1000799913 /* Resources */ = {
			isa = PBXResourcesBuildPhase;
			buildActionMask = 2147483647;
			files = (
			);
			runOnlyForDeploymentPostprocessing = 0;
		};
		5FC4F1F31F468C1000799913 /* Resources */ = {
			isa = PBXResourcesBuildPhase;
			buildActionMask = 2147483647;
			files = (
			);
			runOnlyForDeploymentPostprocessing = 0;
		};
/* End PBXResourcesBuildPhase section */

/* Begin PBXSourcesBuildPhase section */
		5FC4F1D21F468C1000799913 /* Sources */ = {
			isa = PBXSourcesBuildPhase;
			buildActionMask = 2147483647;
			files = (
				5FC4F1DC1F468C1000799913 /* MainViewController.swift in Sources */,
				5FC4F1DA1F468C1000799913 /* AppDelegate.swift in Sources */,
				5FC4F2081F4A875E00799913 /* SettingsViewController.swift in Sources */,
			);
			runOnlyForDeploymentPostprocessing = 0;
		};
		5FC4F1E61F468C1000799913 /* Sources */ = {
			isa = PBXSourcesBuildPhase;
			buildActionMask = 2147483647;
			files = (
			);
			runOnlyForDeploymentPostprocessing = 0;
		};
		5FC4F1F11F468C1000799913 /* Sources */ = {
			isa = PBXSourcesBuildPhase;
			buildActionMask = 2147483647;
			files = (
			);
			runOnlyForDeploymentPostprocessing = 0;
		};
/* End PBXSourcesBuildPhase section */

/* Begin PBXTargetDependency section */
		5FC4F1EC1F468C1000799913 /* PBXTargetDependency */ = {
			isa = PBXTargetDependency;
			target = 5FC4F1D51F468C1000799913 /* tippy */;
			targetProxy = 5FC4F1EB1F468C1000799913 /* PBXContainerItemProxy */;
		};
		5FC4F1F71F468C1000799913 /* PBXTargetDependency */ = {
			isa = PBXTargetDependency;
			target = 5FC4F1D51F468C1000799913 /* tippy */;
			targetProxy = 5FC4F1F61F468C1000799913 /* PBXContainerItemProxy */;
		};
/* End PBXTargetDependency section */

/* Begin PBXVariantGroup section */
		5FC4F1DD1F468C1000799913 /* Main.storyboard */ = {
			isa = PBXVariantGroup;
			children = (
				5FC4F1DE1F468C1000799913 /* Base */,
			);
			name = Main.storyboard;
			sourceTree = "<group>";
		};
		5FC4F1E21F468C1000799913 /* LaunchScreen.storyboard */ = {
			isa = PBXVariantGroup;
			children = (
				5FC4F1E31F468C1000799913 /* Base */,
			);
			name = LaunchScreen.storyboard;
			sourceTree = "<group>";
		};
/* End PBXVariantGroup section */

/* Begin XCBuildConfiguration section */
		5FC4F1FC1F468C1000799913 /* Debug */ = {
			isa = XCBuildConfiguration;
			buildSettings = {
				ALWAYS_SEARCH_USER_PATHS = NO;
				CLANG_ANALYZER_NONNULL = YES;
				CLANG_ANALYZER_NUMBER_OBJECT_CONVERSION = YES_AGGRESSIVE;
				CLANG_CXX_LANGUAGE_STANDARD = "gnu++0x";
				CLANG_CXX_LIBRARY = "libc++";
				CLANG_ENABLE_MODULES = YES;
				CLANG_ENABLE_OBJC_ARC = YES;
				CLANG_WARN_BOOL_CONVERSION = YES;
				CLANG_WARN_CONSTANT_CONVERSION = YES;
				CLANG_WARN_DIRECT_OBJC_ISA_USAGE = YES_ERROR;
				CLANG_WARN_DOCUMENTATION_COMMENTS = YES;
				CLANG_WARN_EMPTY_BODY = YES;
				CLANG_WARN_ENUM_CONVERSION = YES;
				CLANG_WARN_INFINITE_RECURSION = YES;
				CLANG_WARN_INT_CONVERSION = YES;
				CLANG_WARN_OBJC_ROOT_CLASS = YES_ERROR;
				CLANG_WARN_SUSPICIOUS_MOVE = YES;
				CLANG_WARN_UNREACHABLE_CODE = YES;
				CLANG_WARN__DUPLICATE_METHOD_MATCH = YES;
				"CODE_SIGN_IDENTITY[sdk=iphoneos*]" = "iPhone Developer";
				COPY_PHASE_STRIP = NO;
				DEBUG_INFORMATION_FORMAT = dwarf;
				ENABLE_STRICT_OBJC_MSGSEND = YES;
				ENABLE_TESTABILITY = YES;
				GCC_C_LANGUAGE_STANDARD = gnu99;
				GCC_DYNAMIC_NO_PIC = NO;
				GCC_NO_COMMON_BLOCKS = YES;
				GCC_OPTIMIZATION_LEVEL = 0;
				GCC_PREPROCESSOR_DEFINITIONS = (
					"DEBUG=1",
					"$(inherited)",
				);
				GCC_WARN_64_TO_32_BIT_CONVERSION = YES;
				GCC_WARN_ABOUT_RETURN_TYPE = YES_ERROR;
				GCC_WARN_UNDECLARED_SELECTOR = YES;
				GCC_WARN_UNINITIALIZED_AUTOS = YES_AGGRESSIVE;
				GCC_WARN_UNUSED_FUNCTION = YES;
				GCC_WARN_UNUSED_VARIABLE = YES;
				IPHONEOS_DEPLOYMENT_TARGET = 10.3;
				MTL_ENABLE_DEBUG_INFO = YES;
				ONLY_ACTIVE_ARCH = YES;
				SDKROOT = iphoneos;
				SWIFT_ACTIVE_COMPILATION_CONDITIONS = DEBUG;
				SWIFT_OPTIMIZATION_LEVEL = "-Onone";
			};
			name = Debug;
		};
		5FC4F1FD1F468C1000799913 /* Release */ = {
			isa = XCBuildConfiguration;
			buildSettings = {
				ALWAYS_SEARCH_USER_PATHS = NO;
				CLANG_ANALYZER_NONNULL = YES;
				CLANG_ANALYZER_NUMBER_OBJECT_CONVERSION = YES_AGGRESSIVE;
				CLANG_CXX_LANGUAGE_STANDARD = "gnu++0x";
				CLANG_CXX_LIBRARY = "libc++";
				CLANG_ENABLE_MODULES = YES;
				CLANG_ENABLE_OBJC_ARC = YES;
				CLANG_WARN_BOOL_CONVERSION = YES;
				CLANG_WARN_CONSTANT_CONVERSION = YES;
				CLANG_WARN_DIRECT_OBJC_ISA_USAGE = YES_ERROR;
				CLANG_WARN_DOCUMENTATION_COMMENTS = YES;
				CLANG_WARN_EMPTY_BODY = YES;
				CLANG_WARN_ENUM_CONVERSION = YES;
				CLANG_WARN_INFINITE_RECURSION = YES;
				CLANG_WARN_INT_CONVERSION = YES;
				CLANG_WARN_OBJC_ROOT_CLASS = YES_ERROR;
				CLANG_WARN_SUSPICIOUS_MOVE = YES;
				CLANG_WARN_UNREACHABLE_CODE = YES;
				CLANG_WARN__DUPLICATE_METHOD_MATCH = YES;
				"CODE_SIGN_IDENTITY[sdk=iphoneos*]" = "iPhone Developer";
				COPY_PHASE_STRIP = NO;
				DEBUG_INFORMATION_FORMAT = "dwarf-with-dsym";
				ENABLE_NS_ASSERTIONS = NO;
				ENABLE_STRICT_OBJC_MSGSEND = YES;
				GCC_C_LANGUAGE_STANDARD = gnu99;
				GCC_NO_COMMON_BLOCKS = YES;
				GCC_WARN_64_TO_32_BIT_CONVERSION = YES;
				GCC_WARN_ABOUT_RETURN_TYPE = YES_ERROR;
				GCC_WARN_UNDECLARED_SELECTOR = YES;
				GCC_WARN_UNINITIALIZED_AUTOS = YES_AGGRESSIVE;
				GCC_WARN_UNUSED_FUNCTION = YES;
				GCC_WARN_UNUSED_VARIABLE = YES;
				IPHONEOS_DEPLOYMENT_TARGET = 10.3;
				MTL_ENABLE_DEBUG_INFO = NO;
				SDKROOT = iphoneos;
				SWIFT_OPTIMIZATION_LEVEL = "-Owholemodule";
				VALIDATE_PRODUCT = YES;
			};
			name = Release;
		};
		5FC4F1FF1F468C1000799913 /* Debug */ = {
			isa = XCBuildConfiguration;
			buildSettings = {
				ASSETCATALOG_COMPILER_APPICON_NAME = AppIcon;
				INFOPLIST_FILE = tippy/Info.plist;
				LD_RUNPATH_SEARCH_PATHS = "$(inherited) @executable_path/Frameworks";
				PRODUCT_BUNDLE_IDENTIFIER = com.vanko.tippy;
				PRODUCT_NAME = "$(TARGET_NAME)";
				SWIFT_VERSION = 3.0;
			};
			name = Debug;
		};
		5FC4F2001F468C1000799913 /* Release */ = {
			isa = XCBuildConfiguration;
			buildSettings = {
				ASSETCATALOG_COMPILER_APPICON_NAME = AppIcon;
				INFOPLIST_FILE = tippy/Info.plist;
				LD_RUNPATH_SEARCH_PATHS = "$(inherited) @executable_path/Frameworks";
				PRODUCT_BUNDLE_IDENTIFIER = com.vanko.tippy;
				PRODUCT_NAME = "$(TARGET_NAME)";
				SWIFT_VERSION = 3.0;
			};
			name = Release;
		};
		5FC4F2021F468C1000799913 /* Debug */ = {
			isa = XCBuildConfiguration;
			buildSettings = {
				ALWAYS_EMBED_SWIFT_STANDARD_LIBRARIES = YES;
				BUNDLE_LOADER = "$(TEST_HOST)";
				INFOPLIST_FILE = tippyTests/Info.plist;
				LD_RUNPATH_SEARCH_PATHS = "$(inherited) @executable_path/Frameworks @loader_path/Frameworks";
				PRODUCT_BUNDLE_IDENTIFIER = com.vanko.tippyTests;
				PRODUCT_NAME = "$(TARGET_NAME)";
				SWIFT_VERSION = 3.0;
				TEST_HOST = "$(BUILT_PRODUCTS_DIR)/tippy.app/tippy";
			};
			name = Debug;
		};
		5FC4F2031F468C1000799913 /* Release */ = {
			isa = XCBuildConfiguration;
			buildSettings = {
				ALWAYS_EMBED_SWIFT_STANDARD_LIBRARIES = YES;
				BUNDLE_LOADER = "$(TEST_HOST)";
				INFOPLIST_FILE = tippyTests/Info.plist;
				LD_RUNPATH_SEARCH_PATHS = "$(inherited) @executable_path/Frameworks @loader_path/Frameworks";
				PRODUCT_BUNDLE_IDENTIFIER = com.vanko.tippyTests;
				PRODUCT_NAME = "$(TARGET_NAME)";
				SWIFT_VERSION = 3.0;
				TEST_HOST = "$(BUILT_PRODUCTS_DIR)/tippy.app/tippy";
			};
			name = Release;
		};
		5FC4F2051F468C1000799913 /* Debug */ = {
			isa = XCBuildConfiguration;
			buildSettings = {
				ALWAYS_EMBED_SWIFT_STANDARD_LIBRARIES = YES;
				INFOPLIST_FILE = tippyUITests/Info.plist;
				LD_RUNPATH_SEARCH_PATHS = "$(inherited) @executable_path/Frameworks @loader_path/Frameworks";
				PRODUCT_BUNDLE_IDENTIFIER = com.vanko.tippyUITests;
				PRODUCT_NAME = "$(TARGET_NAME)";
				SWIFT_VERSION = 3.0;
				TEST_TARGET_NAME = tippy;
			};
			name = Debug;
		};
		5FC4F2061F468C1000799913 /* Release */ = {
			isa = XCBuildConfiguration;
			buildSettings = {
				ALWAYS_EMBED_SWIFT_STANDARD_LIBRARIES = YES;
				INFOPLIST_FILE = tippyUITests/Info.plist;
				LD_RUNPATH_SEARCH_PATHS = "$(inherited) @executable_path/Frameworks @loader_path/Frameworks";
				PRODUCT_BUNDLE_IDENTIFIER = com.vanko.tippyUITests;
				PRODUCT_NAME = "$(TARGET_NAME)";
				SWIFT_VERSION = 3.0;
				TEST_TARGET_NAME = tippy;
			};
			name = Release;
		};
/* End XCBuildConfiguration section */

/* Begin XCConfigurationList section */
		5FC4F1D11F468C1000799913 /* Build configuration list for PBXProject "tippy" */ = {
			isa = XCConfigurationList;
			buildConfigurations = (
				5FC4F1FC1F468C1000799913 /* Debug */,
				5FC4F1FD1F468C1000799913 /* Release */,
			);
			defaultConfigurationIsVisible = 0;
			defaultConfigurationName = Release;
		};
		5FC4F1FE1F468C1000799913 /* Build configuration list for PBXNativeTarget "tippy" */ = {
			isa = XCConfigurationList;
			buildConfigurations = (
				5FC4F1FF1F468C1000799913 /* Debug */,
				5FC4F2001F468C1000799913 /* Release */,
			);
			defaultConfigurationIsVisible = 0;
		};
		5FC4F2011F468C1000799913 /* Build configuration list for PBXNativeTarget "tippyTests" */ = {
			isa = XCConfigurationList;
			buildConfigurations = (
				5FC4F2021F468C1000799913 /* Debug */,
				5FC4F2031F468C1000799913 /* Release */,
			);
			defaultConfigurationIsVisible = 0;
		};
		5FC4F2041F468C1000799913 /* Build configuration list for PBXNativeTarget "tippyUITests" */ = {
			isa = XCConfigurationList;
			buildConfigurations = (
				5FC4F2051F468C1000799913 /* Debug */,
				5FC4F2061F468C1000799913 /* Release */,
			);
			defaultConfigurationIsVisible = 0;
		};
/* End XCConfigurationList section */
	};
	rootObject = 5FC4F1CE1F468C1000799913 /* Project object */;
}
